
Microsoft Visual Studio Solution File, Format Version 12.00
# Visual Studio Version 16
VisualStudioVersion = 16.0.32002.261
MinimumVisualStudioVersion = 10.0.40219.1
Project("{9A19103F-16F7-4668-BE54-9A1E7A4F7556}") = "CMS_Demo", "CMS_Demo.csproj", "{75D8DB1D-847E-4B65-9249-5EFC43B8F258}"
EndProject
Global
	GlobalSection(SolutionConfigurationPlatforms) = preSolution
		Debug|Any CPU = Debug|Any CPU
		Release|Any CPU = Release|Any CPU
	EndGlobalSection
	GlobalSection(ProjectConfigurationPlatforms) = postSolution
		{75D8DB1D-847E-4B65-9249-5EFC43B8F258}.Debug|Any CPU.ActiveCfg = Debug|Any CPU
		{75D8DB1D-847E-4B65-9249-5EFC43B8F258}.Debug|Any CPU.Build.0 = Debug|Any CPU
		{75D8DB1D-847E-4B65-9249-5EFC43B8F258}.Release|Any CPU.ActiveCfg = Release|Any CPU
		{75D8DB1D-847E-4B65-9249-5EFC43B8F258}.Release|Any CPU.Build.0 = Release|Any CPU
	EndGlobalSection
	GlobalSection(SolutionProperties) = preSolution
		HideSolutionNode = FALSE
	EndGlobalSection
	GlobalSection(ExtensibilityGlobals) = postSolution
		SolutionGuid = {666313A8-E154-4A4A-A82D-E713CEFD667A}
	EndGlobalSection
EndGlobal
